// !$*UTF8*$!
{
	archiveVersion = 1;
	classes = {
	};
	objectVersion = 46;
	objects = {

/* Begin PBXBuildFile section */
		04EA1361174D96E50037541F /* UIKit.framework in Frameworks */ = {isa = PBXBuildFile; fileRef = 04EA1360174D96E50037541F /* UIKit.framework */; };
		04EA1363174D96E50037541F /* Foundation.framework in Frameworks */ = {isa = PBXBuildFile; fileRef = 04EA1362174D96E50037541F /* Foundation.framework */; };
		04EA1365174D96E50037541F /* CoreGraphics.framework in Frameworks */ = {isa = PBXBuildFile; fileRef = 04EA1364174D96E50037541F /* CoreGraphics.framework */; };
		04EA136B174D96E50037541F /* InfoPlist.strings in Resources */ = {isa = PBXBuildFile; fileRef = 04EA1369174D96E50037541F /* InfoPlist.strings */; };
		04EA136D174D96E50037541F /* main.m in Sources */ = {isa = PBXBuildFile; fileRef = 04EA136C174D96E50037541F /* main.m */; };
		04EA1371174D96E50037541F /* SSoundAppDelegate.m in Sources */ = {isa = PBXBuildFile; fileRef = 04EA1370174D96E50037541F /* SSoundAppDelegate.m */; };
		04EA1374174D96E50037541F /* SSoundViewController.m in Sources */ = {isa = PBXBuildFile; fileRef = 04EA1373174D96E50037541F /* SSoundViewController.m */; };
		04EA1377174D96E50037541F /* SSoundViewController.xib in Resources */ = {isa = PBXBuildFile; fileRef = 04EA1375174D96E50037541F /* SSoundViewController.xib */; };
		04EA1387174D98CE0037541F /* SSoundShape.m in Sources */ = {isa = PBXBuildFile; fileRef = 04EA1384174D98CE0037541F /* SSoundShape.m */; };
		04EA1388174D98CE0037541F /* SSoundView.m in Sources */ = {isa = PBXBuildFile; fileRef = 04EA1386174D98CE0037541F /* SSoundView.m */; };
/* End PBXBuildFile section */

/* Begin PBXFileReference section */
		04EA135C174D96E50037541F /* ucimusic147_2013-5.app */ = {isa = PBXFileReference; explicitFileType = wrapper.application; includeInIndex = 0; path = "ucimusic147_2013-5.app"; sourceTree = BUILT_PRODUCTS_DIR; };
		04EA1360174D96E50037541F /* UIKit.framework */ = {isa = PBXFileReference; lastKnownFileType = wrapper.framework; name = UIKit.framework; path = System/Library/Frameworks/UIKit.framework; sourceTree = SDKROOT; };
		04EA1362174D96E50037541F /* Foundation.framework */ = {isa = PBXFileReference; lastKnownFileType = wrapper.framework; name = Foundation.framework; path = System/Library/Frameworks/Foundation.framework; sourceTree = SDKROOT; };
		04EA1364174D96E50037541F /* CoreGraphics.framework */ = {isa = PBXFileReference; lastKnownFileType = wrapper.framework; name = CoreGraphics.framework; path = System/Library/Frameworks/CoreGraphics.framework; sourceTree = SDKROOT; };
		04EA1368174D96E50037541F /* ucimusic147_2013-5-Info.plist */ = {isa = PBXFileReference; lastKnownFileType = text.plist.xml; path = "ucimusic147_2013-5-Info.plist"; sourceTree = "<group>"; };
		04EA136A174D96E50037541F /* en */ = {isa = PBXFileReference; lastKnownFileType = text.plist.strings; name = en; path = en.lproj/InfoPlist.strings; sourceTree = "<group>"; };
		04EA136C174D96E50037541F /* main.m */ = {isa = PBXFileReference; lastKnownFileType = sourcecode.c.objc; path = main.m; sourceTree = "<group>"; };
		04EA136E174D96E50037541F /* ucimusic147_2013-5-Prefix.pch */ = {isa = PBXFileReference; lastKnownFileType = sourcecode.c.h; path = "ucimusic147_2013-5-Prefix.pch"; sourceTree = "<group>"; };
		04EA136F174D96E50037541F /* SSoundAppDelegate.h */ = {isa = PBXFileReference; lastKnownFileType = sourcecode.c.h; path = SSoundAppDelegate.h; sourceTree = "<group>"; };
		04EA1370174D96E50037541F /* SSoundAppDelegate.m */ = {isa = PBXFileReference; lastKnownFileType = sourcecode.c.objc; path = SSoundAppDelegate.m; sourceTree = "<group>"; };
		04EA1372174D96E50037541F /* SSoundViewController.h */ = {isa = PBXFileReference; lastKnownFileType = sourcecode.c.h; path = SSoundViewController.h; sourceTree = "<group>"; };
		04EA1373174D96E50037541F /* SSoundViewController.m */ = {isa = PBXFileReference; lastKnownFileType = sourcecode.c.objc; path = SSoundViewController.m; sourceTree = "<group>"; };
		04EA1376174D96E50037541F /* en */ = {isa = PBXFileReference; lastKnownFileType = file.xib; name = en; path = en.lproj/SSoundViewController.xib; sourceTree = "<group>"; };
		04EA1383174D98CE0037541F /* SSoundShape.h */ = {isa = PBXFileReference; fileEncoding = 4; lastKnownFileType = sourcecode.c.h; path = SSoundShape.h; sourceTree = "<group>"; };
		04EA1384174D98CE0037541F /* SSoundShape.m */ = {isa = PBXFileReference; fileEncoding = 4; lastKnownFileType = sourcecode.c.objc; path = SSoundShape.m; sourceTree = "<group>"; };
		04EA1385174D98CE0037541F /* SSoundView.h */ = {isa = PBXFileReference; fileEncoding = 4; lastKnownFileType = sourcecode.c.h; path = SSoundView.h; sourceTree = "<group>"; };
		04EA1386174D98CE0037541F /* SSoundView.m */ = {isa = PBXFileReference; fileEncoding = 4; lastKnownFileType = sourcecode.c.objc; path = SSoundView.m; sourceTree = "<group>"; };
/* End PBXFileReference section */

/* Begin PBXFrameworksBuildPhase section */
		04EA1359174D96E50037541F /* Frameworks */ = {
			isa = PBXFrameworksBuildPhase;
			buildActionMask = 2147483647;
			files = (
				04EA1361174D96E50037541F /* UIKit.framework in Frameworks */,
				04EA1363174D96E50037541F /* Foundation.framework in Frameworks */,
				04EA1365174D96E50037541F /* CoreGraphics.framework in Frameworks */,
			);
			runOnlyForDeploymentPostprocessing = 0;
		};
/* End PBXFrameworksBuildPhase section */

/* Begin PBXGroup section */
		04EA1351174D96E50037541F = {
			isa = PBXGroup;
			children = (
				04EA1366174D96E50037541F /* ucimusic147_2013-5 */,
				04EA135F174D96E50037541F /* Frameworks */,
				04EA135D174D96E50037541F /* Products */,
			);
			sourceTree = "<group>";
		};
		04EA135D174D96E50037541F /* Products */ = {
			isa = PBXGroup;
			children = (
				04EA135C174D96E50037541F /* ucimusic147_2013-5.app */,
			);
			name = Products;
			sourceTree = "<group>";
		};
		04EA135F174D96E50037541F /* Frameworks */ = {
			isa = PBXGroup;
			children = (
				04EA1360174D96E50037541F /* UIKit.framework */,
				04EA1362174D96E50037541F /* Foundation.framework */,
				04EA1364174D96E50037541F /* CoreGraphics.framework */,
			);
			name = Frameworks;
			sourceTree = "<group>";
		};
		04EA1366174D96E50037541F /* ucimusic147_2013-5 */ = {
			isa = PBXGroup;
			children = (
				04EA136F174D96E50037541F /* SSoundAppDelegate.h */,
				04EA1370174D96E50037541F /* SSoundAppDelegate.m */,
				04EA1372174D96E50037541F /* SSoundViewController.h */,
				04EA1373174D96E50037541F /* SSoundViewController.m */,
				04EA1375174D96E50037541F /* SSoundViewController.xib */,
				04EA1383174D98CE0037541F /* SSoundShape.h */,
				04EA1384174D98CE0037541F /* SSoundShape.m */,
				04EA1385174D98CE0037541F /* SSoundView.h */,
				04EA1386174D98CE0037541F /* SSoundView.m */,
				04EA1367174D96E50037541F /* Supporting Files */,
			);
			path = "ucimusic147_2013-5";
			sourceTree = "<group>";
		};
		04EA1367174D96E50037541F /* Supporting Files */ = {
			isa = PBXGroup;
			children = (
				04EA1368174D96E50037541F /* ucimusic147_2013-5-Info.plist */,
				04EA1369174D96E50037541F /* InfoPlist.strings */,
				04EA136C174D96E50037541F /* main.m */,
				04EA136E174D96E50037541F /* ucimusic147_2013-5-Prefix.pch */,
			);
			name = "Supporting Files";
			sourceTree = "<group>";
		};
/* End PBXGroup section */

/* Begin PBXNativeTarget section */
		04EA135B174D96E50037541F /* ucimusic147_2013-5 */ = {
			isa = PBXNativeTarget;
			buildConfigurationList = 04EA137A174D96E50037541F /* Build configuration list for PBXNativeTarget "ucimusic147_2013-5" */;
			buildPhases = (
				04EA1358174D96E50037541F /* Sources */,
				04EA1359174D96E50037541F /* Frameworks */,
				04EA135A174D96E50037541F /* Resources */,
			);
			buildRules = (
			);
			dependencies = (
			);
			name = "ucimusic147_2013-5";
			productName = "ucimusic147_2013-5";
			productReference = 04EA135C174D96E50037541F /* ucimusic147_2013-5.app */;
			productType = "com.apple.product-type.application";
		};
/* End PBXNativeTarget section */

/* Begin PBXProject section */
		04EA1353174D96E50037541F /* Project object */ = {
			isa = PBXProject;
			attributes = {
				LastUpgradeCheck = 0420;
			};
			buildConfigurationList = 04EA1356174D96E50037541F /* Build configuration list for PBXProject "ucimusic147_2013-5" */;
			compatibilityVersion = "Xcode 3.2";
			developmentRegion = English;
			hasScannedForEncodings = 0;
			knownRegions = (
				en,
			);
			mainGroup = 04EA1351174D96E50037541F;
			productRefGroup = 04EA135D174D96E50037541F /* Products */;
			projectDirPath = "";
			projectRoot = "";
			targets = (
				04EA135B174D96E50037541F /* ucimusic147_2013-5 */,
			);
		};
/* End PBXProject section */

/* Begin PBXResourcesBuildPhase section */
		04EA135A174D96E50037541F /* Resources */ = {
			isa = PBXResourcesBuildPhase;
			buildActionMask = 2147483647;
			files = (
				04EA136B174D96E50037541F /* InfoPlist.strings in Resources */,
				04EA1377174D96E50037541F /* SSoundViewController.xib in Resources */,
			);
			runOnlyForDeploymentPostprocessing = 0;
		};
/* End PBXResourcesBuildPhase section */

/* Begin PBXSourcesBuildPhase section */
		04EA1358174D96E50037541F /* Sources */ = {
			isa = PBXSourcesBuildPhase;
			buildActionMask = 2147483647;
			files = (
				04EA136D174D96E50037541F /* main.m in Sources */,
				04EA1371174D96E50037541F /* SSoundAppDelegate.m in Sources */,
				04EA1374174D96E50037541F /* SSoundViewController.m in Sources */,
				04EA1387174D98CE0037541F /* SSoundShape.m in Sources */,
				04EA1388174D98CE0037541F /* SSoundView.m in Sources */,
			);
			runOnlyForDeploymentPostprocessing = 0;
		};
/* End PBXSourcesBuildPhase section */

/* Begin PBXVariantGroup section */
		04EA1369174D96E50037541F /* InfoPlist.strings */ = {
			isa = PBXVariantGroup;
			children = (
				04EA136A174D96E50037541F /* en */,
			);
			name = InfoPlist.strings;
			sourceTree = "<group>";
		};
		04EA1375174D96E50037541F /* SSoundViewController.xib */ = {
			isa = PBXVariantGroup;
			children = (
				04EA1376174D96E50037541F /* en */,
			);
			name = SSoundViewController.xib;
			sourceTree = "<group>";
		};
/* End PBXVariantGroup section */

/* Begin XCBuildConfiguration section */
		04EA1378174D96E50037541F /* Debug */ = {
			isa = XCBuildConfiguration;
			buildSettings = {
				ALWAYS_SEARCH_USER_PATHS = NO;
				ARCHS = "$(ARCHS_STANDARD_32_BIT)";
				CLANG_ENABLE_OBJC_ARC = YES;
				"CODE_SIGN_IDENTITY[sdk=iphoneos*]" = "iPhone Developer";
				COPY_PHASE_STRIP = NO;
				GCC_C_LANGUAGE_STANDARD = gnu99;
				GCC_DYNAMIC_NO_PIC = NO;
				GCC_OPTIMIZATION_LEVEL = 0;
				GCC_PREPROCESSOR_DEFINITIONS = (
					"DEBUG=1",
					"$(inherited)",
				);
				GCC_SYMBOLS_PRIVATE_EXTERN = NO;
				GCC_VERSION = com.apple.compilers.llvm.clang.1_0;
				GCC_WARN_ABOUT_MISSING_PROTOTYPES = YES;
				GCC_WARN_ABOUT_RETURN_TYPE = YES;
				GCC_WARN_UNUSED_VARIABLE = YES;
				IPHONEOS_DEPLOYMENT_TARGET = 5.1;
				SDKROOT = iphoneos;
			};
			name = Debug;
		};
		04EA1379174D96E50037541F /* Release */ = {
			isa = XCBuildConfiguration;
			buildSettings = {
				ALWAYS_SEARCH_USER_PATHS = NO;
				ARCHS = "$(ARCHS_STANDARD_32_BIT)";
				CLANG_ENABLE_OBJC_ARC = YES;
				"CODE_SIGN_IDENTITY[sdk=iphoneos*]" = "iPhone Developer";
				COPY_PHASE_STRIP = YES;
				GCC_C_LANGUAGE_STANDARD = gnu99;
				GCC_VERSION = com.apple.compilers.llvm.clang.1_0;
				GCC_WARN_ABOUT_MISSING_PROTOTYPES = YES;
				GCC_WARN_ABOUT_RETURN_TYPE = YES;
				GCC_WARN_UNUSED_VARIABLE = YES;
				IPHONEOS_DEPLOYMENT_TARGET = 5.1;
				OTHER_CFLAGS = "-DNS_BLOCK_ASSERTIONS=1";
				SDKROOT = iphoneos;
				VALIDATE_PRODUCT = YES;
			};
			name = Release;
		};
		04EA137B174D96E50037541F /* Debug */ = {
			isa = XCBuildConfiguration;
			buildSettings = {
				GCC_PRECOMPILE_PREFIX_HEADER = YES;
				GCC_PREFIX_HEADER = "ucimusic147_2013-5/ucimusic147_2013-5-Prefix.pch";
				INFOPLIST_FILE = "ucimusic147_2013-5/ucimusic147_2013-5-Info.plist";
				IPHONEOS_DEPLOYMENT_TARGET = 4.2;
				PRODUCT_NAME = "$(TARGET_NAME)";
				WRAPPER_EXTENSION = app;
			};
			name = Debug;
		};
		04EA137C174D96E50037541F /* Release */ = {
			isa = XCBuildConfiguration;
			buildSettings = {
				GCC_PRECOMPILE_PREFIX_HEADER = YES;
				GCC_PREFIX_HEADER = "ucimusic147_2013-5/ucimusic147_2013-5-Prefix.pch";
				INFOPLIST_FILE = "ucimusic147_2013-5/ucimusic147_2013-5-Info.plist";
				IPHONEOS_DEPLOYMENT_TARGET = 4.2;
				PRODUCT_NAME = "$(TARGET_NAME)";
				WRAPPER_EXTENSION = app;
			};
			name = Release;
		};
/* End XCBuildConfiguration section */

/* Begin XCConfigurationList section */
		04EA1356174D96E50037541F /* Build configuration list for PBXProject "ucimusic147_2013-5" */ = {
			isa = XCConfigurationList;
			buildConfigurations = (
				04EA1378174D96E50037541F /* Debug */,
				04EA1379174D96E50037541F /* Release */,
			);
			defaultConfigurationIsVisible = 0;
			defaultConfigurationName = Release;
		};
		04EA137A174D96E50037541F /* Build configuration list for PBXNativeTarget "ucimusic147_2013-5" */ = {
			isa = XCConfigurationList;
			buildConfigurations = (
				04EA137B174D96E50037541F /* Debug */,
				04EA137C174D96E50037541F /* Release */,
			);
			defaultConfigurationIsVisible = 0;
			defaultConfigurationName = Release;
		};
/* End XCConfigurationList section */
	};
	rootObject = 04EA1353174D96E50037541F /* Project object */;
}
