// !$*UTF8*$!
{
	archiveVersion = 1;
	classes = {
	};
	objectVersion = 46;
	objects = {

/* Begin PBXBuildFile section */
		04EA1361174D96E50037541F /* UIKit.framework in Frameworks */ = {isa = PBXBuildFile; fileRef = 04EA1360174D96E50037541F /* UIKit.framework */; };
		04EA1363174D96E50037541F /* Foundation.framework in Frameworks */ = {isa = PBXBuildFile; fileRef = 04EA1362174D96E50037541F /* Foundation.framework */; };
		04EA1365174D96E50037541F /* CoreGraphics.framework in Frameworks */ = {isa = PBXBuildFile; fileRef = 04EA1364174D96E50037541F /* CoreGraphics.framework */; };
		04EA136B174D96E50037541F /* InfoPlist.strings in Resources */ = {isa = PBXBuildFile; fileRef = 04EA1369174D96E50037541F /* InfoPlist.strings */; };
		04EA136D174D96E50037541F /* main.m in Sources */ = {isa = PBXBuildFile; fileRef = 04EA136C174D96E50037541F /* main.m */; };
		04EA1371174D96E50037541F /* SSoundAppDelegate.m in Sources */ = {isa = PBXBuildFile; fileRef = 04EA1370174D96E50037541F /* SSoundAppDelegate.m */; };
		04EA1374174D96E50037541F /* SSoundViewController.m in Sources */ = {isa = PBXBuildFile; fileRef = 04EA1373174D96E50037541F /* SSoundViewController.m */; };
		04EA1377174D96E50037541F /* SSoundViewController.xib in Resources */ = {isa = PBXBuildFile; fileRef = 04EA1375174D96E50037541F /* SSoundViewController.xib */; };
		04EA1387174D98CE0037541F /* SSoundShape.m in Sources */ = {isa = PBXBuildFile; fileRef = 04EA1384174D98CE0037541F /* SSoundShape.m */; };
		04EA1388174D98CE0037541F /* SSoundView.m in Sources */ = {isa = PBXBuildFile; fileRef = 04EA1386174D98CE0037541F /* SSoundView.m */; };
		377423261755CB4600C4F1D3 /* AudioToolbox.framework in Frameworks */ = {isa = PBXBuildFile; fileRef = 377423251755CB4600C4F1D3 /* AudioToolbox.framework */; };
		37ED6C391755E7CB00590C2E /* Default-568h@2x.png in Resources */ = {isa = PBXBuildFile; fileRef = 37ED6C381755E7CB00590C2E /* Default-568h@2x.png */; };
		908FFE151756D13C0005107D /* MUS147AQPlayer.m in Sources */ = {isa = PBXBuildFile; fileRef = 908FFDE71756D13C0005107D /* MUS147AQPlayer.m */; };
		908FFE161756D13C0005107D /* MUS147AQRecorder.m in Sources */ = {isa = PBXBuildFile; fileRef = 908FFDE91756D13C0005107D /* MUS147AQRecorder.m */; };
		908FFE171756D13C0005107D /* MUS147AppDelegate.m in Sources */ = {isa = PBXBuildFile; fileRef = 908FFDEC1756D13C0005107D /* MUS147AppDelegate.m */; };
		908FFE181756D13C0005107D /* MUS147Effect.m in Sources */ = {isa = PBXBuildFile; fileRef = 908FFDEE1756D13C0005107D /* MUS147Effect.m */; };
		908FFE191756D13C0005107D /* MUS147Effect_BiQuad.m in Sources */ = {isa = PBXBuildFile; fileRef = 908FFDF01756D13C0005107D /* MUS147Effect_BiQuad.m */; };
		908FFE1A1756D13C0005107D /* MUS147Effect_Delay.m in Sources */ = {isa = PBXBuildFile; fileRef = 908FFDF21756D13C0005107D /* MUS147Effect_Delay.m */; };
		908FFE1B1756D13C0005107D /* MUS147Effect_Limiter.m in Sources */ = {isa = PBXBuildFile; fileRef = 908FFDF41756D13C0005107D /* MUS147Effect_Limiter.m */; };
		908FFE1C1756D13C0005107D /* MUS147Envelope.m in Sources */ = {isa = PBXBuildFile; fileRef = 908FFDF61756D13C0005107D /* MUS147Envelope.m */; };
		908FFE1D1756D13C0005107D /* MUS147Event.m in Sources */ = {isa = PBXBuildFile; fileRef = 908FFDF81756D13C0005107D /* MUS147Event.m */; };
		908FFE1E1756D13C0005107D /* MUS147Event_Note.m in Sources */ = {isa = PBXBuildFile; fileRef = 908FFDFA1756D13C0005107D /* MUS147Event_Note.m */; };
		908FFE1F1756D13C0005107D /* MUS147Event_Touch.m in Sources */ = {isa = PBXBuildFile; fileRef = 908FFDFC1756D13C0005107D /* MUS147Event_Touch.m */; };
		908FFE201756D13C0005107D /* MUS147Sequence.m in Sources */ = {isa = PBXBuildFile; fileRef = 908FFDFE1756D13C0005107D /* MUS147Sequence.m */; };
		908FFE211756D13C0005107D /* MUS147Sequencer.m in Sources */ = {isa = PBXBuildFile; fileRef = 908FFE001756D13C0005107D /* MUS147Sequencer.m */; };
		908FFE221756D13C0005107D /* MUS147View.m in Sources */ = {isa = PBXBuildFile; fileRef = 908FFE021756D13C0005107D /* MUS147View.m */; };
		908FFE231756D13C0005107D /* MUS147ViewController.m in Sources */ = {isa = PBXBuildFile; fileRef = 908FFE041756D13C0005107D /* MUS147ViewController.m */; };
		908FFE241756D13C0005107D /* MUS147ViewController.xib in Resources */ = {isa = PBXBuildFile; fileRef = 908FFE051756D13C0005107D /* MUS147ViewController.xib */; };
		908FFE251756D13C0005107D /* MUS147Voice.m in Sources */ = {isa = PBXBuildFile; fileRef = 908FFE081756D13C0005107D /* MUS147Voice.m */; };
		908FFE261756D13C0005107D /* MUS147Voice_BLIT.m in Sources */ = {isa = PBXBuildFile; fileRef = 908FFE0A1756D13C0005107D /* MUS147Voice_BLIT.m */; };
		908FFE271756D13C0005107D /* MUS147Voice_BLITSaw.m in Sources */ = {isa = PBXBuildFile; fileRef = 908FFE0C1756D13C0005107D /* MUS147Voice_BLITSaw.m */; };
		908FFE281756D13C0005107D /* MUS147Voice_Sample.m in Sources */ = {isa = PBXBuildFile; fileRef = 908FFE0E1756D13C0005107D /* MUS147Voice_Sample.m */; };
		908FFE291756D13C0005107D /* MUS147Voice_Sample_Mem.m in Sources */ = {isa = PBXBuildFile; fileRef = 908FFE101756D13C0005107D /* MUS147Voice_Sample_Mem.m */; };
		908FFE2A1756D13C0005107D /* MUS147Voice_Sample_SF.m in Sources */ = {isa = PBXBuildFile; fileRef = 908FFE121756D13C0005107D /* MUS147Voice_Sample_SF.m */; };
		908FFE2B1756D13C0005107D /* MUS147Voice_Synth.m in Sources */ = {isa = PBXBuildFile; fileRef = 908FFE141756D13C0005107D /* MUS147Voice_Synth.m */; };
		908FFE2D1756D2480005107D /* CoreLocation.framework in Frameworks */ = {isa = PBXBuildFile; fileRef = 908FFE2C1756D2480005107D /* CoreLocation.framework */; };
/* End PBXBuildFile section */

/* Begin PBXFileReference section */
		04EA135C174D96E50037541F /* ucimusic147_2013-5.app */ = {isa = PBXFileReference; explicitFileType = wrapper.application; includeInIndex = 0; path = "ucimusic147_2013-5.app"; sourceTree = BUILT_PRODUCTS_DIR; };
		04EA1360174D96E50037541F /* UIKit.framework */ = {isa = PBXFileReference; lastKnownFileType = wrapper.framework; name = UIKit.framework; path = System/Library/Frameworks/UIKit.framework; sourceTree = SDKROOT; };
		04EA1362174D96E50037541F /* Foundation.framework */ = {isa = PBXFileReference; lastKnownFileType = wrapper.framework; name = Foundation.framework; path = System/Library/Frameworks/Foundation.framework; sourceTree = SDKROOT; };
		04EA1364174D96E50037541F /* CoreGraphics.framework */ = {isa = PBXFileReference; lastKnownFileType = wrapper.framework; name = CoreGraphics.framework; path = System/Library/Frameworks/CoreGraphics.framework; sourceTree = SDKROOT; };
		04EA1368174D96E50037541F /* ucimusic147_2013-5-Info.plist */ = {isa = PBXFileReference; lastKnownFileType = text.plist.xml; path = "ucimusic147_2013-5-Info.plist"; sourceTree = "<group>"; };
		04EA136A174D96E50037541F /* en */ = {isa = PBXFileReference; lastKnownFileType = text.plist.strings; name = en; path = en.lproj/InfoPlist.strings; sourceTree = "<group>"; };
		04EA136C174D96E50037541F /* main.m */ = {isa = PBXFileReference; lastKnownFileType = sourcecode.c.objc; path = main.m; sourceTree = "<group>"; };
		04EA136E174D96E50037541F /* ucimusic147_2013-5-Prefix.pch */ = {isa = PBXFileReference; lastKnownFileType = sourcecode.c.h; path = "ucimusic147_2013-5-Prefix.pch"; sourceTree = "<group>"; };
		04EA136F174D96E50037541F /* SSoundAppDelegate.h */ = {isa = PBXFileReference; lastKnownFileType = sourcecode.c.h; path = SSoundAppDelegate.h; sourceTree = "<group>"; };
		04EA1370174D96E50037541F /* SSoundAppDelegate.m */ = {isa = PBXFileReference; lastKnownFileType = sourcecode.c.objc; path = SSoundAppDelegate.m; sourceTree = "<group>"; };
		04EA1372174D96E50037541F /* SSoundViewController.h */ = {isa = PBXFileReference; lastKnownFileType = sourcecode.c.h; path = SSoundViewController.h; sourceTree = "<group>"; };
		04EA1373174D96E50037541F /* SSoundViewController.m */ = {isa = PBXFileReference; lastKnownFileType = sourcecode.c.objc; path = SSoundViewController.m; sourceTree = "<group>"; };
		04EA1376174D96E50037541F /* en */ = {isa = PBXFileReference; lastKnownFileType = file.xib; name = en; path = en.lproj/SSoundViewController.xib; sourceTree = "<group>"; };
		04EA1383174D98CE0037541F /* SSoundShape.h */ = {isa = PBXFileReference; fileEncoding = 4; lastKnownFileType = sourcecode.c.h; path = SSoundShape.h; sourceTree = "<group>"; };
		04EA1384174D98CE0037541F /* SSoundShape.m */ = {isa = PBXFileReference; fileEncoding = 4; lastKnownFileType = sourcecode.c.objc; path = SSoundShape.m; sourceTree = "<group>"; };
		04EA1385174D98CE0037541F /* SSoundView.h */ = {isa = PBXFileReference; fileEncoding = 4; lastKnownFileType = sourcecode.c.h; path = SSoundView.h; sourceTree = "<group>"; };
		04EA1386174D98CE0037541F /* SSoundView.m */ = {isa = PBXFileReference; fileEncoding = 4; lastKnownFileType = sourcecode.c.objc; path = SSoundView.m; sourceTree = "<group>"; };
		377423111755C91A00C4F1D3 /* Music147.aif */ = {isa = PBXFileReference; lastKnownFileType = file; path = Music147.aif; sourceTree = "<group>"; };
		377423251755CB4600C4F1D3 /* AudioToolbox.framework */ = {isa = PBXFileReference; lastKnownFileType = wrapper.framework; name = AudioToolbox.framework; path = System/Library/Frameworks/AudioToolbox.framework; sourceTree = SDKROOT; };
		37ED6C381755E7CB00590C2E /* Default-568h@2x.png */ = {isa = PBXFileReference; lastKnownFileType = image.png; path = "Default-568h@2x.png"; sourceTree = "<group>"; };
		908FFDE61756D13C0005107D /* MUS147AQPlayer.h */ = {isa = PBXFileReference; fileEncoding = 4; lastKnownFileType = sourcecode.c.h; name = MUS147AQPlayer.h; path = ../../../Music147_2013/Music147_2013/Music147_2013/MUS147AQPlayer.h; sourceTree = "<group>"; };
		908FFDE71756D13C0005107D /* MUS147AQPlayer.m */ = {isa = PBXFileReference; fileEncoding = 4; lastKnownFileType = sourcecode.c.objc; name = MUS147AQPlayer.m; path = ../../../Music147_2013/Music147_2013/Music147_2013/MUS147AQPlayer.m; sourceTree = "<group>"; };
		908FFDE81756D13C0005107D /* MUS147AQRecorder.h */ = {isa = PBXFileReference; fileEncoding = 4; lastKnownFileType = sourcecode.c.h; name = MUS147AQRecorder.h; path = ../../../Music147_2013/Music147_2013/Music147_2013/MUS147AQRecorder.h; sourceTree = "<group>"; };
		908FFDE91756D13C0005107D /* MUS147AQRecorder.m */ = {isa = PBXFileReference; fileEncoding = 4; lastKnownFileType = sourcecode.c.objc; name = MUS147AQRecorder.m; path = ../../../Music147_2013/Music147_2013/Music147_2013/MUS147AQRecorder.m; sourceTree = "<group>"; };
		908FFDEA1756D13C0005107D /* MUS147AQShared.h */ = {isa = PBXFileReference; fileEncoding = 4; lastKnownFileType = sourcecode.c.h; name = MUS147AQShared.h; path = ../../../Music147_2013/Music147_2013/Music147_2013/MUS147AQShared.h; sourceTree = "<group>"; };
		908FFDEB1756D13C0005107D /* MUS147AppDelegate.h */ = {isa = PBXFileReference; fileEncoding = 4; lastKnownFileType = sourcecode.c.h; name = MUS147AppDelegate.h; path = ../../../Music147_2013/Music147_2013/Music147_2013/MUS147AppDelegate.h; sourceTree = "<group>"; };
		908FFDEC1756D13C0005107D /* MUS147AppDelegate.m */ = {isa = PBXFileReference; fileEncoding = 4; lastKnownFileType = sourcecode.c.objc; name = MUS147AppDelegate.m; path = ../../../Music147_2013/Music147_2013/Music147_2013/MUS147AppDelegate.m; sourceTree = "<group>"; };
		908FFDED1756D13C0005107D /* MUS147Effect.h */ = {isa = PBXFileReference; fileEncoding = 4; lastKnownFileType = sourcecode.c.h; name = MUS147Effect.h; path = ../../../Music147_2013/Music147_2013/Music147_2013/MUS147Effect.h; sourceTree = "<group>"; };
		908FFDEE1756D13C0005107D /* MUS147Effect.m */ = {isa = PBXFileReference; fileEncoding = 4; lastKnownFileType = sourcecode.c.objc; name = MUS147Effect.m; path = ../../../Music147_2013/Music147_2013/Music147_2013/MUS147Effect.m; sourceTree = "<group>"; };
		908FFDEF1756D13C0005107D /* MUS147Effect_BiQuad.h */ = {isa = PBXFileReference; fileEncoding = 4; lastKnownFileType = sourcecode.c.h; name = MUS147Effect_BiQuad.h; path = ../../../Music147_2013/Music147_2013/Music147_2013/MUS147Effect_BiQuad.h; sourceTree = "<group>"; };
		908FFDF01756D13C0005107D /* MUS147Effect_BiQuad.m */ = {isa = PBXFileReference; fileEncoding = 4; lastKnownFileType = sourcecode.c.objc; name = MUS147Effect_BiQuad.m; path = ../../../Music147_2013/Music147_2013/Music147_2013/MUS147Effect_BiQuad.m; sourceTree = "<group>"; };
		908FFDF11756D13C0005107D /* MUS147Effect_Delay.h */ = {isa = PBXFileReference; fileEncoding = 4; lastKnownFileType = sourcecode.c.h; name = MUS147Effect_Delay.h; path = ../../../Music147_2013/Music147_2013/Music147_2013/MUS147Effect_Delay.h; sourceTree = "<group>"; };
		908FFDF21756D13C0005107D /* MUS147Effect_Delay.m */ = {isa = PBXFileReference; fileEncoding = 4; lastKnownFileType = sourcecode.c.objc; name = MUS147Effect_Delay.m; path = ../../../Music147_2013/Music147_2013/Music147_2013/MUS147Effect_Delay.m; sourceTree = "<group>"; };
		908FFDF31756D13C0005107D /* MUS147Effect_Limiter.h */ = {isa = PBXFileReference; fileEncoding = 4; lastKnownFileType = sourcecode.c.h; name = MUS147Effect_Limiter.h; path = ../../../Music147_2013/Music147_2013/Music147_2013/MUS147Effect_Limiter.h; sourceTree = "<group>"; };
		908FFDF41756D13C0005107D /* MUS147Effect_Limiter.m */ = {isa = PBXFileReference; fileEncoding = 4; lastKnownFileType = sourcecode.c.objc; name = MUS147Effect_Limiter.m; path = ../../../Music147_2013/Music147_2013/Music147_2013/MUS147Effect_Limiter.m; sourceTree = "<group>"; };
		908FFDF51756D13C0005107D /* MUS147Envelope.h */ = {isa = PBXFileReference; fileEncoding = 4; lastKnownFileType = sourcecode.c.h; name = MUS147Envelope.h; path = ../../../Music147_2013/Music147_2013/Music147_2013/MUS147Envelope.h; sourceTree = "<group>"; };
		908FFDF61756D13C0005107D /* MUS147Envelope.m */ = {isa = PBXFileReference; fileEncoding = 4; lastKnownFileType = sourcecode.c.objc; name = MUS147Envelope.m; path = ../../../Music147_2013/Music147_2013/Music147_2013/MUS147Envelope.m; sourceTree = "<group>"; };
		908FFDF71756D13C0005107D /* MUS147Event.h */ = {isa = PBXFileReference; fileEncoding = 4; lastKnownFileType = sourcecode.c.h; name = MUS147Event.h; path = ../../../Music147_2013/Music147_2013/Music147_2013/MUS147Event.h; sourceTree = "<group>"; };
		908FFDF81756D13C0005107D /* MUS147Event.m */ = {isa = PBXFileReference; fileEncoding = 4; lastKnownFileType = sourcecode.c.objc; name = MUS147Event.m; path = ../../../Music147_2013/Music147_2013/Music147_2013/MUS147Event.m; sourceTree = "<group>"; };
		908FFDF91756D13C0005107D /* MUS147Event_Note.h */ = {isa = PBXFileReference; fileEncoding = 4; lastKnownFileType = sourcecode.c.h; name = MUS147Event_Note.h; path = ../../../Music147_2013/Music147_2013/Music147_2013/MUS147Event_Note.h; sourceTree = "<group>"; };
		908FFDFA1756D13C0005107D /* MUS147Event_Note.m */ = {isa = PBXFileReference; fileEncoding = 4; lastKnownFileType = sourcecode.c.objc; name = MUS147Event_Note.m; path = ../../../Music147_2013/Music147_2013/Music147_2013/MUS147Event_Note.m; sourceTree = "<group>"; };
		908FFDFB1756D13C0005107D /* MUS147Event_Touch.h */ = {isa = PBXFileReference; fileEncoding = 4; lastKnownFileType = sourcecode.c.h; name = MUS147Event_Touch.h; path = ../../../Music147_2013/Music147_2013/Music147_2013/MUS147Event_Touch.h; sourceTree = "<group>"; };
		908FFDFC1756D13C0005107D /* MUS147Event_Touch.m */ = {isa = PBXFileReference; fileEncoding = 4; lastKnownFileType = sourcecode.c.objc; name = MUS147Event_Touch.m; path = ../../../Music147_2013/Music147_2013/Music147_2013/MUS147Event_Touch.m; sourceTree = "<group>"; };
		908FFDFD1756D13C0005107D /* MUS147Sequence.h */ = {isa = PBXFileReference; fileEncoding = 4; lastKnownFileType = sourcecode.c.h; name = MUS147Sequence.h; path = ../../../Music147_2013/Music147_2013/Music147_2013/MUS147Sequence.h; sourceTree = "<group>"; };
		908FFDFE1756D13C0005107D /* MUS147Sequence.m */ = {isa = PBXFileReference; fileEncoding = 4; lastKnownFileType = sourcecode.c.objc; name = MUS147Sequence.m; path = ../../../Music147_2013/Music147_2013/Music147_2013/MUS147Sequence.m; sourceTree = "<group>"; };
		908FFDFF1756D13C0005107D /* MUS147Sequencer.h */ = {isa = PBXFileReference; fileEncoding = 4; lastKnownFileType = sourcecode.c.h; name = MUS147Sequencer.h; path = ../../../Music147_2013/Music147_2013/Music147_2013/MUS147Sequencer.h; sourceTree = "<group>"; };
		908FFE001756D13C0005107D /* MUS147Sequencer.m */ = {isa = PBXFileReference; fileEncoding = 4; lastKnownFileType = sourcecode.c.objc; name = MUS147Sequencer.m; path = ../../../Music147_2013/Music147_2013/Music147_2013/MUS147Sequencer.m; sourceTree = "<group>"; };
		908FFE011756D13C0005107D /* MUS147View.h */ = {isa = PBXFileReference; fileEncoding = 4; lastKnownFileType = sourcecode.c.h; name = MUS147View.h; path = ../../../Music147_2013/Music147_2013/Music147_2013/MUS147View.h; sourceTree = "<group>"; };
		908FFE021756D13C0005107D /* MUS147View.m */ = {isa = PBXFileReference; fileEncoding = 4; lastKnownFileType = sourcecode.c.objc; name = MUS147View.m; path = ../../../Music147_2013/Music147_2013/Music147_2013/MUS147View.m; sourceTree = "<group>"; };
		908FFE031756D13C0005107D /* MUS147ViewController.h */ = {isa = PBXFileReference; fileEncoding = 4; lastKnownFileType = sourcecode.c.h; name = MUS147ViewController.h; path = ../../../Music147_2013/Music147_2013/Music147_2013/MUS147ViewController.h; sourceTree = "<group>"; };
		908FFE041756D13C0005107D /* MUS147ViewController.m */ = {isa = PBXFileReference; fileEncoding = 4; lastKnownFileType = sourcecode.c.objc; name = MUS147ViewController.m; path = ../../../Music147_2013/Music147_2013/Music147_2013/MUS147ViewController.m; sourceTree = "<group>"; };
		908FFE061756D13C0005107D /* en */ = {isa = PBXFileReference; lastKnownFileType = file.xib; name = en; path = ../../../Music147_2013/Music147_2013/Music147_2013/en.lproj/MUS147ViewController.xib; sourceTree = "<group>"; };
		908FFE071756D13C0005107D /* MUS147Voice.h */ = {isa = PBXFileReference; fileEncoding = 4; lastKnownFileType = sourcecode.c.h; name = MUS147Voice.h; path = ../../../Music147_2013/Music147_2013/Music147_2013/MUS147Voice.h; sourceTree = "<group>"; };
		908FFE081756D13C0005107D /* MUS147Voice.m */ = {isa = PBXFileReference; fileEncoding = 4; lastKnownFileType = sourcecode.c.objc; name = MUS147Voice.m; path = ../../../Music147_2013/Music147_2013/Music147_2013/MUS147Voice.m; sourceTree = "<group>"; };
		908FFE091756D13C0005107D /* MUS147Voice_BLIT.h */ = {isa = PBXFileReference; fileEncoding = 4; lastKnownFileType = sourcecode.c.h; name = MUS147Voice_BLIT.h; path = ../../../Music147_2013/Music147_2013/Music147_2013/MUS147Voice_BLIT.h; sourceTree = "<group>"; };
		908FFE0A1756D13C0005107D /* MUS147Voice_BLIT.m */ = {isa = PBXFileReference; fileEncoding = 4; lastKnownFileType = sourcecode.c.objc; name = MUS147Voice_BLIT.m; path = ../../../Music147_2013/Music147_2013/Music147_2013/MUS147Voice_BLIT.m; sourceTree = "<group>"; };
		908FFE0B1756D13C0005107D /* MUS147Voice_BLITSaw.h */ = {isa = PBXFileReference; fileEncoding = 4; lastKnownFileType = sourcecode.c.h; name = MUS147Voice_BLITSaw.h; path = ../../../Music147_2013/Music147_2013/Music147_2013/MUS147Voice_BLITSaw.h; sourceTree = "<group>"; };
		908FFE0C1756D13C0005107D /* MUS147Voice_BLITSaw.m */ = {isa = PBXFileReference; fileEncoding = 4; lastKnownFileType = sourcecode.c.objc; name = MUS147Voice_BLITSaw.m; path = ../../../Music147_2013/Music147_2013/Music147_2013/MUS147Voice_BLITSaw.m; sourceTree = "<group>"; };
		908FFE0D1756D13C0005107D /* MUS147Voice_Sample.h */ = {isa = PBXFileReference; fileEncoding = 4; lastKnownFileType = sourcecode.c.h; name = MUS147Voice_Sample.h; path = ../../../Music147_2013/Music147_2013/Music147_2013/MUS147Voice_Sample.h; sourceTree = "<group>"; };
		908FFE0E1756D13C0005107D /* MUS147Voice_Sample.m */ = {isa = PBXFileReference; fileEncoding = 4; lastKnownFileType = sourcecode.c.objc; name = MUS147Voice_Sample.m; path = ../../../Music147_2013/Music147_2013/Music147_2013/MUS147Voice_Sample.m; sourceTree = "<group>"; };
		908FFE0F1756D13C0005107D /* MUS147Voice_Sample_Mem.h */ = {isa = PBXFileReference; fileEncoding = 4; lastKnownFileType = sourcecode.c.h; name = MUS147Voice_Sample_Mem.h; path = ../../../Music147_2013/Music147_2013/Music147_2013/MUS147Voice_Sample_Mem.h; sourceTree = "<group>"; };
		908FFE101756D13C0005107D /* MUS147Voice_Sample_Mem.m */ = {isa = PBXFileReference; fileEncoding = 4; lastKnownFileType = sourcecode.c.objc; name = MUS147Voice_Sample_Mem.m; path = ../../../Music147_2013/Music147_2013/Music147_2013/MUS147Voice_Sample_Mem.m; sourceTree = "<group>"; };
		908FFE111756D13C0005107D /* MUS147Voice_Sample_SF.h */ = {isa = PBXFileReference; fileEncoding = 4; lastKnownFileType = sourcecode.c.h; name = MUS147Voice_Sample_SF.h; path = ../../../Music147_2013/Music147_2013/Music147_2013/MUS147Voice_Sample_SF.h; sourceTree = "<group>"; };
		908FFE121756D13C0005107D /* MUS147Voice_Sample_SF.m */ = {isa = PBXFileReference; fileEncoding = 4; lastKnownFileType = sourcecode.c.objc; name = MUS147Voice_Sample_SF.m; path = ../../../Music147_2013/Music147_2013/Music147_2013/MUS147Voice_Sample_SF.m; sourceTree = "<group>"; };
		908FFE131756D13C0005107D /* MUS147Voice_Synth.h */ = {isa = PBXFileReference; fileEncoding = 4; lastKnownFileType = sourcecode.c.h; name = MUS147Voice_Synth.h; path = ../../../Music147_2013/Music147_2013/Music147_2013/MUS147Voice_Synth.h; sourceTree = "<group>"; };
		908FFE141756D13C0005107D /* MUS147Voice_Synth.m */ = {isa = PBXFileReference; fileEncoding = 4; lastKnownFileType = sourcecode.c.objc; name = MUS147Voice_Synth.m; path = ../../../Music147_2013/Music147_2013/Music147_2013/MUS147Voice_Synth.m; sourceTree = "<group>"; };
		908FFE2C1756D2480005107D /* CoreLocation.framework */ = {isa = PBXFileReference; lastKnownFileType = wrapper.framework; name = CoreLocation.framework; path = System/Library/Frameworks/CoreLocation.framework; sourceTree = SDKROOT; };
/* End PBXFileReference section */

/* Begin PBXFrameworksBuildPhase section */
		04EA1359174D96E50037541F /* Frameworks */ = {
			isa = PBXFrameworksBuildPhase;
			buildActionMask = 2147483647;
			files = (
				908FFE2D1756D2480005107D /* CoreLocation.framework in Frameworks */,
				377423261755CB4600C4F1D3 /* AudioToolbox.framework in Frameworks */,
				04EA1361174D96E50037541F /* UIKit.framework in Frameworks */,
				04EA1363174D96E50037541F /* Foundation.framework in Frameworks */,
				04EA1365174D96E50037541F /* CoreGraphics.framework in Frameworks */,
			);
			runOnlyForDeploymentPostprocessing = 0;
		};
/* End PBXFrameworksBuildPhase section */

/* Begin PBXGroup section */
		04EA1351174D96E50037541F = {
			isa = PBXGroup;
			children = (
				37ED6C381755E7CB00590C2E /* Default-568h@2x.png */,
				04EA1366174D96E50037541F /* ucimusic147_2013-5 */,
				04EA135F174D96E50037541F /* Frameworks */,
				04EA135D174D96E50037541F /* Products */,
			);
			sourceTree = "<group>";
		};
		04EA135D174D96E50037541F /* Products */ = {
			isa = PBXGroup;
			children = (
				04EA135C174D96E50037541F /* ucimusic147_2013-5.app */,
			);
			name = Products;
			sourceTree = "<group>";
		};
		04EA135F174D96E50037541F /* Frameworks */ = {
			isa = PBXGroup;
			children = (
				908FFE2C1756D2480005107D /* CoreLocation.framework */,
				377423251755CB4600C4F1D3 /* AudioToolbox.framework */,
				04EA1360174D96E50037541F /* UIKit.framework */,
				04EA1362174D96E50037541F /* Foundation.framework */,
				04EA1364174D96E50037541F /* CoreGraphics.framework */,
			);
			name = Frameworks;
			sourceTree = "<group>";
		};
		04EA1366174D96E50037541F /* ucimusic147_2013-5 */ = {
			isa = PBXGroup;
			children = (
				908FFDE61756D13C0005107D /* MUS147AQPlayer.h */,
				908FFDE71756D13C0005107D /* MUS147AQPlayer.m */,
				908FFDE81756D13C0005107D /* MUS147AQRecorder.h */,
				908FFDE91756D13C0005107D /* MUS147AQRecorder.m */,
				908FFDEA1756D13C0005107D /* MUS147AQShared.h */,
				908FFDEB1756D13C0005107D /* MUS147AppDelegate.h */,
				908FFDEC1756D13C0005107D /* MUS147AppDelegate.m */,
				908FFDED1756D13C0005107D /* MUS147Effect.h */,
				908FFDEE1756D13C0005107D /* MUS147Effect.m */,
				908FFDEF1756D13C0005107D /* MUS147Effect_BiQuad.h */,
				908FFDF01756D13C0005107D /* MUS147Effect_BiQuad.m */,
				908FFDF11756D13C0005107D /* MUS147Effect_Delay.h */,
				908FFDF21756D13C0005107D /* MUS147Effect_Delay.m */,
				908FFDF31756D13C0005107D /* MUS147Effect_Limiter.h */,
				908FFDF41756D13C0005107D /* MUS147Effect_Limiter.m */,
				908FFDF51756D13C0005107D /* MUS147Envelope.h */,
				908FFDF61756D13C0005107D /* MUS147Envelope.m */,
				908FFDF71756D13C0005107D /* MUS147Event.h */,
				908FFDF81756D13C0005107D /* MUS147Event.m */,
				908FFDF91756D13C0005107D /* MUS147Event_Note.h */,
				908FFDFA1756D13C0005107D /* MUS147Event_Note.m */,
				908FFDFB1756D13C0005107D /* MUS147Event_Touch.h */,
				908FFDFC1756D13C0005107D /* MUS147Event_Touch.m */,
				908FFDFD1756D13C0005107D /* MUS147Sequence.h */,
				908FFDFE1756D13C0005107D /* MUS147Sequence.m */,
				908FFDFF1756D13C0005107D /* MUS147Sequencer.h */,
				908FFE001756D13C0005107D /* MUS147Sequencer.m */,
				908FFE011756D13C0005107D /* MUS147View.h */,
				908FFE021756D13C0005107D /* MUS147View.m */,
				908FFE031756D13C0005107D /* MUS147ViewController.h */,
				908FFE041756D13C0005107D /* MUS147ViewController.m */,
				908FFE051756D13C0005107D /* MUS147ViewController.xib */,
				908FFE071756D13C0005107D /* MUS147Voice.h */,
				908FFE081756D13C0005107D /* MUS147Voice.m */,
				908FFE091756D13C0005107D /* MUS147Voice_BLIT.h */,
				908FFE0A1756D13C0005107D /* MUS147Voice_BLIT.m */,
				908FFE0B1756D13C0005107D /* MUS147Voice_BLITSaw.h */,
				908FFE0C1756D13C0005107D /* MUS147Voice_BLITSaw.m */,
				908FFE0D1756D13C0005107D /* MUS147Voice_Sample.h */,
				908FFE0E1756D13C0005107D /* MUS147Voice_Sample.m */,
				908FFE0F1756D13C0005107D /* MUS147Voice_Sample_Mem.h */,
				908FFE101756D13C0005107D /* MUS147Voice_Sample_Mem.m */,
				908FFE111756D13C0005107D /* MUS147Voice_Sample_SF.h */,
				908FFE121756D13C0005107D /* MUS147Voice_Sample_SF.m */,
				908FFE131756D13C0005107D /* MUS147Voice_Synth.h */,
				908FFE141756D13C0005107D /* MUS147Voice_Synth.m */,
				04EA136F174D96E50037541F /* SSoundAppDelegate.h */,
				04EA1370174D96E50037541F /* SSoundAppDelegate.m */,
				04EA1372174D96E50037541F /* SSoundViewController.h */,
				04EA1373174D96E50037541F /* SSoundViewController.m */,
				04EA1375174D96E50037541F /* SSoundViewController.xib */,
				04EA1383174D98CE0037541F /* SSoundShape.h */,
				04EA1384174D98CE0037541F /* SSoundShape.m */,
				04EA1385174D98CE0037541F /* SSoundView.h */,
				04EA1386174D98CE0037541F /* SSoundView.m */,
				04EA1367174D96E50037541F /* Supporting Files */,
			);
			path = "ucimusic147_2013-5";
			sourceTree = "<group>";
		};
		04EA1367174D96E50037541F /* Supporting Files */ = {
			isa = PBXGroup;
			children = (
				377423111755C91A00C4F1D3 /* Music147.aif */,
				04EA1368174D96E50037541F /* ucimusic147_2013-5-Info.plist */,
				04EA1369174D96E50037541F /* InfoPlist.strings */,
				04EA136C174D96E50037541F /* main.m */,
				04EA136E174D96E50037541F /* ucimusic147_2013-5-Prefix.pch */,
			);
			name = "Supporting Files";
			sourceTree = "<group>";
		};
/* End PBXGroup section */

/* Begin PBXNativeTarget section */
		04EA135B174D96E50037541F /* ucimusic147_2013-5 */ = {
			isa = PBXNativeTarget;
			buildConfigurationList = 04EA137A174D96E50037541F /* Build configuration list for PBXNativeTarget "ucimusic147_2013-5" */;
			buildPhases = (
				04EA1358174D96E50037541F /* Sources */,
				04EA1359174D96E50037541F /* Frameworks */,
				04EA135A174D96E50037541F /* Resources */,
			);
			buildRules = (
			);
			dependencies = (
			);
			name = "ucimusic147_2013-5";
			productName = "ucimusic147_2013-5";
			productReference = 04EA135C174D96E50037541F /* ucimusic147_2013-5.app */;
			productType = "com.apple.product-type.application";
		};
/* End PBXNativeTarget section */

/* Begin PBXProject section */
		04EA1353174D96E50037541F /* Project object */ = {
			isa = PBXProject;
			attributes = {
				LastUpgradeCheck = 0420;
			};
			buildConfigurationList = 04EA1356174D96E50037541F /* Build configuration list for PBXProject "ucimusic147_2013-5" */;
			compatibilityVersion = "Xcode 3.2";
			developmentRegion = English;
			hasScannedForEncodings = 0;
			knownRegions = (
				en,
			);
			mainGroup = 04EA1351174D96E50037541F;
			productRefGroup = 04EA135D174D96E50037541F /* Products */;
			projectDirPath = "";
			projectRoot = "";
			targets = (
				04EA135B174D96E50037541F /* ucimusic147_2013-5 */,
			);
		};
/* End PBXProject section */

/* Begin PBXResourcesBuildPhase section */
		04EA135A174D96E50037541F /* Resources */ = {
			isa = PBXResourcesBuildPhase;
			buildActionMask = 2147483647;
			files = (
				04EA136B174D96E50037541F /* InfoPlist.strings in Resources */,
				04EA1377174D96E50037541F /* SSoundViewController.xib in Resources */,
				37ED6C391755E7CB00590C2E /* Default-568h@2x.png in Resources */,
				908FFE241756D13C0005107D /* MUS147ViewController.xib in Resources */,
			);
			runOnlyForDeploymentPostprocessing = 0;
		};
/* End PBXResourcesBuildPhase section */

/* Begin PBXSourcesBuildPhase section */
		04EA1358174D96E50037541F /* Sources */ = {
			isa = PBXSourcesBuildPhase;
			buildActionMask = 2147483647;
			files = (
				04EA136D174D96E50037541F /* main.m in Sources */,
				04EA1371174D96E50037541F /* SSoundAppDelegate.m in Sources */,
				04EA1374174D96E50037541F /* SSoundViewController.m in Sources */,
				04EA1387174D98CE0037541F /* SSoundShape.m in Sources */,
				04EA1388174D98CE0037541F /* SSoundView.m in Sources */,
				908FFE151756D13C0005107D /* MUS147AQPlayer.m in Sources */,
				908FFE161756D13C0005107D /* MUS147AQRecorder.m in Sources */,
				908FFE171756D13C0005107D /* MUS147AppDelegate.m in Sources */,
				908FFE181756D13C0005107D /* MUS147Effect.m in Sources */,
				908FFE191756D13C0005107D /* MUS147Effect_BiQuad.m in Sources */,
				908FFE1A1756D13C0005107D /* MUS147Effect_Delay.m in Sources */,
				908FFE1B1756D13C0005107D /* MUS147Effect_Limiter.m in Sources */,
				908FFE1C1756D13C0005107D /* MUS147Envelope.m in Sources */,
				908FFE1D1756D13C0005107D /* MUS147Event.m in Sources */,
				908FFE1E1756D13C0005107D /* MUS147Event_Note.m in Sources */,
				908FFE1F1756D13C0005107D /* MUS147Event_Touch.m in Sources */,
				908FFE201756D13C0005107D /* MUS147Sequence.m in Sources */,
				908FFE211756D13C0005107D /* MUS147Sequencer.m in Sources */,
				908FFE221756D13C0005107D /* MUS147View.m in Sources */,
				908FFE231756D13C0005107D /* MUS147ViewController.m in Sources */,
				908FFE251756D13C0005107D /* MUS147Voice.m in Sources */,
				908FFE261756D13C0005107D /* MUS147Voice_BLIT.m in Sources */,
				908FFE271756D13C0005107D /* MUS147Voice_BLITSaw.m in Sources */,
				908FFE281756D13C0005107D /* MUS147Voice_Sample.m in Sources */,
				908FFE291756D13C0005107D /* MUS147Voice_Sample_Mem.m in Sources */,
				908FFE2A1756D13C0005107D /* MUS147Voice_Sample_SF.m in Sources */,
				908FFE2B1756D13C0005107D /* MUS147Voice_Synth.m in Sources */,
			);
			runOnlyForDeploymentPostprocessing = 0;
		};
/* End PBXSourcesBuildPhase section */

/* Begin PBXVariantGroup section */
		04EA1369174D96E50037541F /* InfoPlist.strings */ = {
			isa = PBXVariantGroup;
			children = (
				04EA136A174D96E50037541F /* en */,
			);
			name = InfoPlist.strings;
			sourceTree = "<group>";
		};
		04EA1375174D96E50037541F /* SSoundViewController.xib */ = {
			isa = PBXVariantGroup;
			children = (
				04EA1376174D96E50037541F /* en */,
			);
			name = SSoundViewController.xib;
			sourceTree = "<group>";
		};
		908FFE051756D13C0005107D /* MUS147ViewController.xib */ = {
			isa = PBXVariantGroup;
			children = (
				908FFE061756D13C0005107D /* en */,
			);
			name = MUS147ViewController.xib;
			sourceTree = "<group>";
		};
/* End PBXVariantGroup section */

/* Begin XCBuildConfiguration section */
		04EA1378174D96E50037541F /* Debug */ = {
			isa = XCBuildConfiguration;
			buildSettings = {
				ALWAYS_SEARCH_USER_PATHS = NO;
				ARCHS = "$(ARCHS_STANDARD_32_BIT)";
				CLANG_ENABLE_OBJC_ARC = YES;
				"CODE_SIGN_IDENTITY[sdk=iphoneos*]" = "iPhone Developer";
				COPY_PHASE_STRIP = NO;
				GCC_C_LANGUAGE_STANDARD = gnu99;
				GCC_DYNAMIC_NO_PIC = NO;
				GCC_OPTIMIZATION_LEVEL = 0;
				GCC_PREPROCESSOR_DEFINITIONS = (
					"DEBUG=1",
					"$(inherited)",
				);
				GCC_SYMBOLS_PRIVATE_EXTERN = NO;
				GCC_VERSION = com.apple.compilers.llvm.clang.1_0;
				GCC_WARN_ABOUT_MISSING_PROTOTYPES = YES;
				GCC_WARN_ABOUT_RETURN_TYPE = YES;
				GCC_WARN_UNUSED_VARIABLE = YES;
				IPHONEOS_DEPLOYMENT_TARGET = 5.1;
				SDKROOT = iphoneos;
			};
			name = Debug;
		};
		04EA1379174D96E50037541F /* Release */ = {
			isa = XCBuildConfiguration;
			buildSettings = {
				ALWAYS_SEARCH_USER_PATHS = NO;
				ARCHS = "$(ARCHS_STANDARD_32_BIT)";
				CLANG_ENABLE_OBJC_ARC = YES;
				"CODE_SIGN_IDENTITY[sdk=iphoneos*]" = "iPhone Developer";
				COPY_PHASE_STRIP = YES;
				GCC_C_LANGUAGE_STANDARD = gnu99;
				GCC_VERSION = com.apple.compilers.llvm.clang.1_0;
				GCC_WARN_ABOUT_MISSING_PROTOTYPES = YES;
				GCC_WARN_ABOUT_RETURN_TYPE = YES;
				GCC_WARN_UNUSED_VARIABLE = YES;
				IPHONEOS_DEPLOYMENT_TARGET = 5.1;
				OTHER_CFLAGS = "-DNS_BLOCK_ASSERTIONS=1";
				SDKROOT = iphoneos;
				VALIDATE_PRODUCT = YES;
			};
			name = Release;
		};
		04EA137B174D96E50037541F /* Debug */ = {
			isa = XCBuildConfiguration;
			buildSettings = {
				GCC_PRECOMPILE_PREFIX_HEADER = YES;
				GCC_PREFIX_HEADER = "ucimusic147_2013-5/ucimusic147_2013-5-Prefix.pch";
				INFOPLIST_FILE = "ucimusic147_2013-5/ucimusic147_2013-5-Info.plist";
				IPHONEOS_DEPLOYMENT_TARGET = 4.2;
				PRODUCT_NAME = "$(TARGET_NAME)";
				WRAPPER_EXTENSION = app;
			};
			name = Debug;
		};
		04EA137C174D96E50037541F /* Release */ = {
			isa = XCBuildConfiguration;
			buildSettings = {
				GCC_PRECOMPILE_PREFIX_HEADER = YES;
				GCC_PREFIX_HEADER = "ucimusic147_2013-5/ucimusic147_2013-5-Prefix.pch";
				INFOPLIST_FILE = "ucimusic147_2013-5/ucimusic147_2013-5-Info.plist";
				IPHONEOS_DEPLOYMENT_TARGET = 4.2;
				PRODUCT_NAME = "$(TARGET_NAME)";
				WRAPPER_EXTENSION = app;
			};
			name = Release;
		};
/* End XCBuildConfiguration section */

/* Begin XCConfigurationList section */
		04EA1356174D96E50037541F /* Build configuration list for PBXProject "ucimusic147_2013-5" */ = {
			isa = XCConfigurationList;
			buildConfigurations = (
				04EA1378174D96E50037541F /* Debug */,
				04EA1379174D96E50037541F /* Release */,
			);
			defaultConfigurationIsVisible = 0;
			defaultConfigurationName = Release;
		};
		04EA137A174D96E50037541F /* Build configuration list for PBXNativeTarget "ucimusic147_2013-5" */ = {
			isa = XCConfigurationList;
			buildConfigurations = (
				04EA137B174D96E50037541F /* Debug */,
				04EA137C174D96E50037541F /* Release */,
			);
			defaultConfigurationIsVisible = 0;
			defaultConfigurationName = Release;
		};
/* End XCConfigurationList section */
	};
	rootObject = 04EA1353174D96E50037541F /* Project object */;
}
